
Microsoft Visual Studio Solution File, Format Version 12.00
# Visual Studio Version 17
VisualStudioVersion = 17.8.34330.188
MinimumVisualStudioVersion = 10.0.40219.1
Project("{FAE04EC0-301F-11D3-BF4B-00C04F79EFBC}") = "File_comp", "File_comp\File_comp.csproj", "{5240EEB1-D1F9-433B-B54B-45E5EFEAABED}"
EndProject
Global
	GlobalSection(SolutionConfigurationPlatforms) = preSolution
		Debug|Any CPU = Debug|Any CPU
		Release|Any CPU = Release|Any CPU
	EndGlobalSection
	GlobalSection(ProjectConfigurationPlatforms) = postSolution
		{5240EEB1-D1F9-433B-B54B-45E5EFEAABED}.Debug|Any CPU.ActiveCfg = Debug|Any CPU
		{5240EEB1-D1F9-433B-B54B-45E5EFEAABED}.Debug|Any CPU.Build.0 = Debug|Any CPU
		{5240EEB1-D1F9-433B-B54B-45E5EFEAABED}.Release|Any CPU.ActiveCfg = Release|Any CPU
		{5240EEB1-D1F9-433B-B54B-45E5EFEAABED}.Release|Any CPU.Build.0 = Release|Any CPU
	EndGlobalSection
	GlobalSection(SolutionProperties) = preSolution
		HideSolutionNode = FALSE
	EndGlobalSection
	GlobalSection(ExtensibilityGlobals) = postSolution
		SolutionGuid = {330160C9-C51B-4AD3-AB49-AA81A760F6EA}
	EndGlobalSection
EndGlobal
